{
  "requires": true,
  "lockfileVersion": 1,
  "dependencies": {
    "cordova-plugin-appsflyer-sdk": {
      "version": "4.4.26",
      "resolved": "https://registry.npmjs.org/cordova-plugin-appsflyer-sdk/-/cordova-plugin-appsflyer-sdk-4.4.26.tgz",
      "integrity": "sha512-EgSyuCbr1eVqqLAl+3/aJNBAAEi6BITC42DhSlvXrT2nM7XujLejz31aZnQDmfJ9ozVjQAA5McuX0qtQCugJdg=="
    },
    "cordova-plugin-whitelist": {
      "version": "1.3.4",
      "resolved": "https://registry.npmjs.org/cordova-plugin-whitelist/-/cordova-plugin-whitelist-1.3.4.tgz",
      "integrity": "sha512-EYC5eQFVkoYXq39l7tYKE6lEjHJ04mvTmKXxGL7quHLdFPfJMNzru/UYpn92AOfpl3PQaZmou78C7EgmFOwFQQ==",
      "dev": true
    },
    "phonegap-plugin-push": {
      "version": "1.7.4",
      "resolved": "https://registry.npmjs.org/phonegap-plugin-push/-/phonegap-plugin-push-1.7.4.tgz",
      "integrity": "sha1-gn66qP4hRoluXFYwt5FE7G62il8=",
      "dev": true
    }
  }
}
